
Microsoft Visual Studio Solution File, Format Version 12.00
# Visual Studio Version 17
VisualStudioVersion = 17.10.35013.160
MinimumVisualStudioVersion = 10.0.40219.1
Project("{9A19103F-16F7-4668-BE54-9A1E7A4F7556}") = "0.Draft", "Draft\0.Draft.csproj", "{6285E654-FA94-4168-B1A4-F8C377133ADB}"
EndProject
Project("{9A19103F-16F7-4668-BE54-9A1E7A4F7556}") = "CSharp0001_Lesson_Basic Grammar", "CSharp0001_Lesson_Basic Grammar\CSharp0001_Lesson_Basic Grammar.csproj", "{23627E71-94D8-411B-A73C-D14F1F0C93F8}"
EndProject
Project("{9A19103F-16F7-4668-BE54-9A1E7A4F7556}") = "CSharp0002_Lesson_Variable and Data Type", "CSharp0002_Lesson_Variable and Data Type\CSharp0002_Lesson_Variable and Data Type.csproj", "{9E096960-CCF6-4AC9-8BEC-275929DDB672}"
EndProject
Project("{9A19103F-16F7-4668-BE54-9A1E7A4F7556}") = "CSharp0003_Lesson_String", "CSharp0003_Lesson_String\CSharp0003_Lesson_String.csproj", "{0A3F1414-F80C-4508-8B22-89FFA66CBC42}"
EndProject
Project("{9A19103F-16F7-4668-BE54-9A1E7A4F7556}") = "CSharp0004_Lesson_Calculation", "CSharp0004_Lesson_Calculation\CSharp0004_Lesson_Calculation.csproj", "{36026C54-670B-4224-BF63-F43AB4A4C2D8}"
EndProject
Project("{9A19103F-16F7-4668-BE54-9A1E7A4F7556}") = "CSharp0005_Lesson_Conditional Sentences", "CSharp0005_Lesson_Conditional Sentences\CSharp0005_Lesson_Conditional Sentences.csproj", "{138B7916-2189-4C59-837B-AAA16E75DD22}"
EndProject
Project("{9A19103F-16F7-4668-BE54-9A1E7A4F7556}") = "CSharp0006_Lesson_Loop Sentences", "CSharp0006_Lesson_Loop Sentences\CSharp0006_Lesson_Loop Sentences.csproj", "{32FD9E9E-7AC4-4380-92D2-C8D48B40D5C0}"
EndProject
Project("{9A19103F-16F7-4668-BE54-9A1E7A4F7556}") = "CSharp0007_Lesson_Random", "CSharp0007_Lesson_Random\CSharp0007_Lesson_Random.csproj", "{F0E22968-F72A-4428-B736-E25FFD0FD78C}"
EndProject
Project("{9A19103F-16F7-4668-BE54-9A1E7A4F7556}") = "CSharp0008_Lesson_Array", "CSharp0008_Lesson_Array\CSharp0008_Lesson_Array.csproj", "{F2546726-BE61-47A9-8AAD-7885B778F5E5}"
EndProject
Project("{9A19103F-16F7-4668-BE54-9A1E7A4F7556}") = "CSharp0009_Lesson_Sort", "CSharp0009_Lesson_Sort\CSharp0009_Lesson_Sort.csproj", "{CD396215-8412-456F-A8A9-306BE3C1815B}"
EndProject
Project("{9A19103F-16F7-4668-BE54-9A1E7A4F7556}") = "CSharp0010_Lesson_Function", "CSharp0010_Lesson_Function\CSharp0010_Lesson_Function.csproj", "{A2728D9C-5FC7-4C27-9883-CE6F857005DE}"
EndProject
Project("{9A19103F-16F7-4668-BE54-9A1E7A4F7556}") = "CSharp0011_Lesson_Parameters Array", "CSharp0011_Lesson_Parameters Array\CSharp0011_Lesson_Parameters Array.csproj", "{4098093D-8770-4393-82E3-F5D862504F72}"
EndProject
Project("{9A19103F-16F7-4668-BE54-9A1E7A4F7556}") = "CSharp0012_Lesson_Overload", "CSharp0012_Lesson_Overload\CSharp0012_Lesson_Overload.csproj", "{D1B08F0E-4DB1-4C3F-BA4D-BCFEB77A3765}"
EndProject
Project("{9A19103F-16F7-4668-BE54-9A1E7A4F7556}") = "CSharp0013_Lesson_Recursive Function", "CSharp0013_Lesson_Recursive Function\CSharp0013_Lesson_Recursive Function.csproj", "{264FA245-FEB7-4633-A2D2-90883ADFC9DA}"
EndProject
Project("{FAE04EC0-301F-11D3-BF4B-00C04F79EFBC}") = "CSharp0014_Lesson_Constant Variable", "CSharp0014_Lesson_Constant Variable\CSharp0014_Lesson_Constant Variable.csproj", "{FEA4E360-C52E-42C5-A23B-5485093977EC}"
EndProject
Project("{FAE04EC0-301F-11D3-BF4B-00C04F79EFBC}") = "CSharp0015_Lesson_Enumeration Type", "CSharp0015_Lesson_Enumeration Type\CSharp0015_Lesson_Enumeration Type.csproj", "{E3F9B9C4-CBE4-4311-87CB-0B6F14A2694E}"
EndProject
Project("{FAE04EC0-301F-11D3-BF4B-00C04F79EFBC}") = "CSharp0016_Lesson_Structure", "CSharp0016_Lesson_Structure\CSharp0016_Lesson_Structure.csproj", "{B31071A8-1038-4EFA-B0D9-5C44BD2DC3E8}"
EndProject
Project("{FAE04EC0-301F-11D3-BF4B-00C04F79EFBC}") = "CSharp0017_Lesson_Delegate", "CSharp0017_Lesson_Delegate\CSharp0017_Lesson_Delegate.csproj", "{F233E8D7-2255-4237-93BE-8B2FC54CFDE3}"
EndProject
Project("{FAE04EC0-301F-11D3-BF4B-00C04F79EFBC}") = "CSharp0018_Lesson_Delegate Gaming Example", "CSharp0018_Lesson_Delegate Gaming Example\CSharp0018_Lesson_Delegate Gaming Example.csproj", "{370347DF-08AA-4A77-85FA-26EBABD38C3A}"
EndProject
Global
	GlobalSection(SolutionConfigurationPlatforms) = preSolution
		Debug|Any CPU = Debug|Any CPU
		Release|Any CPU = Release|Any CPU
	EndGlobalSection
	GlobalSection(ProjectConfigurationPlatforms) = postSolution
		{6285E654-FA94-4168-B1A4-F8C377133ADB}.Debug|Any CPU.ActiveCfg = Debug|Any CPU
		{6285E654-FA94-4168-B1A4-F8C377133ADB}.Debug|Any CPU.Build.0 = Debug|Any CPU
		{6285E654-FA94-4168-B1A4-F8C377133ADB}.Release|Any CPU.ActiveCfg = Release|Any CPU
		{6285E654-FA94-4168-B1A4-F8C377133ADB}.Release|Any CPU.Build.0 = Release|Any CPU
		{23627E71-94D8-411B-A73C-D14F1F0C93F8}.Debug|Any CPU.ActiveCfg = Debug|Any CPU
		{23627E71-94D8-411B-A73C-D14F1F0C93F8}.Debug|Any CPU.Build.0 = Debug|Any CPU
		{23627E71-94D8-411B-A73C-D14F1F0C93F8}.Release|Any CPU.ActiveCfg = Release|Any CPU
		{23627E71-94D8-411B-A73C-D14F1F0C93F8}.Release|Any CPU.Build.0 = Release|Any CPU
		{9E096960-CCF6-4AC9-8BEC-275929DDB672}.Debug|Any CPU.ActiveCfg = Debug|Any CPU
		{9E096960-CCF6-4AC9-8BEC-275929DDB672}.Debug|Any CPU.Build.0 = Debug|Any CPU
		{9E096960-CCF6-4AC9-8BEC-275929DDB672}.Release|Any CPU.ActiveCfg = Release|Any CPU
		{9E096960-CCF6-4AC9-8BEC-275929DDB672}.Release|Any CPU.Build.0 = Release|Any CPU
		{0A3F1414-F80C-4508-8B22-89FFA66CBC42}.Debug|Any CPU.ActiveCfg = Debug|Any CPU
		{0A3F1414-F80C-4508-8B22-89FFA66CBC42}.Debug|Any CPU.Build.0 = Debug|Any CPU
		{0A3F1414-F80C-4508-8B22-89FFA66CBC42}.Release|Any CPU.ActiveCfg = Release|Any CPU
		{0A3F1414-F80C-4508-8B22-89FFA66CBC42}.Release|Any CPU.Build.0 = Release|Any CPU
		{36026C54-670B-4224-BF63-F43AB4A4C2D8}.Debug|Any CPU.ActiveCfg = Debug|Any CPU
		{36026C54-670B-4224-BF63-F43AB4A4C2D8}.Debug|Any CPU.Build.0 = Debug|Any CPU
		{36026C54-670B-4224-BF63-F43AB4A4C2D8}.Release|Any CPU.ActiveCfg = Release|Any CPU
		{36026C54-670B-4224-BF63-F43AB4A4C2D8}.Release|Any CPU.Build.0 = Release|Any CPU
		{138B7916-2189-4C59-837B-AAA16E75DD22}.Debug|Any CPU.ActiveCfg = Debug|Any CPU
		{138B7916-2189-4C59-837B-AAA16E75DD22}.Debug|Any CPU.Build.0 = Debug|Any CPU
		{138B7916-2189-4C59-837B-AAA16E75DD22}.Release|Any CPU.ActiveCfg = Release|Any CPU
		{138B7916-2189-4C59-837B-AAA16E75DD22}.Release|Any CPU.Build.0 = Release|Any CPU
		{32FD9E9E-7AC4-4380-92D2-C8D48B40D5C0}.Debug|Any CPU.ActiveCfg = Debug|Any CPU
		{32FD9E9E-7AC4-4380-92D2-C8D48B40D5C0}.Debug|Any CPU.Build.0 = Debug|Any CPU
		{32FD9E9E-7AC4-4380-92D2-C8D48B40D5C0}.Release|Any CPU.ActiveCfg = Release|Any CPU
		{32FD9E9E-7AC4-4380-92D2-C8D48B40D5C0}.Release|Any CPU.Build.0 = Release|Any CPU
		{F0E22968-F72A-4428-B736-E25FFD0FD78C}.Debug|Any CPU.ActiveCfg = Debug|Any CPU
		{F0E22968-F72A-4428-B736-E25FFD0FD78C}.Debug|Any CPU.Build.0 = Debug|Any CPU
		{F0E22968-F72A-4428-B736-E25FFD0FD78C}.Release|Any CPU.ActiveCfg = Release|Any CPU
		{F0E22968-F72A-4428-B736-E25FFD0FD78C}.Release|Any CPU.Build.0 = Release|Any CPU
		{F2546726-BE61-47A9-8AAD-7885B778F5E5}.Debug|Any CPU.ActiveCfg = Debug|Any CPU
		{F2546726-BE61-47A9-8AAD-7885B778F5E5}.Debug|Any CPU.Build.0 = Debug|Any CPU
		{F2546726-BE61-47A9-8AAD-7885B778F5E5}.Release|Any CPU.ActiveCfg = Release|Any CPU
		{F2546726-BE61-47A9-8AAD-7885B778F5E5}.Release|Any CPU.Build.0 = Release|Any CPU
		{CD396215-8412-456F-A8A9-306BE3C1815B}.Debug|Any CPU.ActiveCfg = Debug|Any CPU
		{CD396215-8412-456F-A8A9-306BE3C1815B}.Debug|Any CPU.Build.0 = Debug|Any CPU
		{CD396215-8412-456F-A8A9-306BE3C1815B}.Release|Any CPU.ActiveCfg = Release|Any CPU
		{CD396215-8412-456F-A8A9-306BE3C1815B}.Release|Any CPU.Build.0 = Release|Any CPU
		{A2728D9C-5FC7-4C27-9883-CE6F857005DE}.Debug|Any CPU.ActiveCfg = Debug|Any CPU
		{A2728D9C-5FC7-4C27-9883-CE6F857005DE}.Debug|Any CPU.Build.0 = Debug|Any CPU
		{A2728D9C-5FC7-4C27-9883-CE6F857005DE}.Release|Any CPU.ActiveCfg = Release|Any CPU
		{A2728D9C-5FC7-4C27-9883-CE6F857005DE}.Release|Any CPU.Build.0 = Release|Any CPU
		{4098093D-8770-4393-82E3-F5D862504F72}.Debug|Any CPU.ActiveCfg = Debug|Any CPU
		{4098093D-8770-4393-82E3-F5D862504F72}.Debug|Any CPU.Build.0 = Debug|Any CPU
		{4098093D-8770-4393-82E3-F5D862504F72}.Release|Any CPU.ActiveCfg = Release|Any CPU
		{4098093D-8770-4393-82E3-F5D862504F72}.Release|Any CPU.Build.0 = Release|Any CPU
		{D1B08F0E-4DB1-4C3F-BA4D-BCFEB77A3765}.Debug|Any CPU.ActiveCfg = Debug|Any CPU
		{D1B08F0E-4DB1-4C3F-BA4D-BCFEB77A3765}.Debug|Any CPU.Build.0 = Debug|Any CPU
		{D1B08F0E-4DB1-4C3F-BA4D-BCFEB77A3765}.Release|Any CPU.ActiveCfg = Release|Any CPU
		{D1B08F0E-4DB1-4C3F-BA4D-BCFEB77A3765}.Release|Any CPU.Build.0 = Release|Any CPU
		{264FA245-FEB7-4633-A2D2-90883ADFC9DA}.Debug|Any CPU.ActiveCfg = Debug|Any CPU
		{264FA245-FEB7-4633-A2D2-90883ADFC9DA}.Debug|Any CPU.Build.0 = Debug|Any CPU
		{264FA245-FEB7-4633-A2D2-90883ADFC9DA}.Release|Any CPU.ActiveCfg = Release|Any CPU
		{264FA245-FEB7-4633-A2D2-90883ADFC9DA}.Release|Any CPU.Build.0 = Release|Any CPU
		{FEA4E360-C52E-42C5-A23B-5485093977EC}.Debug|Any CPU.ActiveCfg = Debug|Any CPU
		{FEA4E360-C52E-42C5-A23B-5485093977EC}.Debug|Any CPU.Build.0 = Debug|Any CPU
		{FEA4E360-C52E-42C5-A23B-5485093977EC}.Release|Any CPU.ActiveCfg = Release|Any CPU
		{FEA4E360-C52E-42C5-A23B-5485093977EC}.Release|Any CPU.Build.0 = Release|Any CPU
		{E3F9B9C4-CBE4-4311-87CB-0B6F14A2694E}.Debug|Any CPU.ActiveCfg = Debug|Any CPU
		{E3F9B9C4-CBE4-4311-87CB-0B6F14A2694E}.Debug|Any CPU.Build.0 = Debug|Any CPU
		{E3F9B9C4-CBE4-4311-87CB-0B6F14A2694E}.Release|Any CPU.ActiveCfg = Release|Any CPU
		{E3F9B9C4-CBE4-4311-87CB-0B6F14A2694E}.Release|Any CPU.Build.0 = Release|Any CPU
		{B31071A8-1038-4EFA-B0D9-5C44BD2DC3E8}.Debug|Any CPU.ActiveCfg = Debug|Any CPU
		{B31071A8-1038-4EFA-B0D9-5C44BD2DC3E8}.Debug|Any CPU.Build.0 = Debug|Any CPU
		{B31071A8-1038-4EFA-B0D9-5C44BD2DC3E8}.Release|Any CPU.ActiveCfg = Release|Any CPU
		{B31071A8-1038-4EFA-B0D9-5C44BD2DC3E8}.Release|Any CPU.Build.0 = Release|Any CPU
		{F233E8D7-2255-4237-93BE-8B2FC54CFDE3}.Debug|Any CPU.ActiveCfg = Debug|Any CPU
		{F233E8D7-2255-4237-93BE-8B2FC54CFDE3}.Debug|Any CPU.Build.0 = Debug|Any CPU
		{F233E8D7-2255-4237-93BE-8B2FC54CFDE3}.Release|Any CPU.ActiveCfg = Release|Any CPU
		{F233E8D7-2255-4237-93BE-8B2FC54CFDE3}.Release|Any CPU.Build.0 = Release|Any CPU
		{370347DF-08AA-4A77-85FA-26EBABD38C3A}.Debug|Any CPU.ActiveCfg = Debug|Any CPU
		{370347DF-08AA-4A77-85FA-26EBABD38C3A}.Debug|Any CPU.Build.0 = Debug|Any CPU
		{370347DF-08AA-4A77-85FA-26EBABD38C3A}.Release|Any CPU.ActiveCfg = Release|Any CPU
		{370347DF-08AA-4A77-85FA-26EBABD38C3A}.Release|Any CPU.Build.0 = Release|Any CPU
	EndGlobalSection
	GlobalSection(SolutionProperties) = preSolution
		HideSolutionNode = FALSE
	EndGlobalSection
	GlobalSection(ExtensibilityGlobals) = postSolution
		SolutionGuid = {9FE01720-1A58-4473-AFE7-4B2A4B76DA94}
	EndGlobalSection
EndGlobal
